lockfileVersion: '9.0'

settings:
  autoInstallPeers: true
  excludeLinksFromLockfile: false

importers:

  .:
    dependencies:
      compose.js:
        specifier: link:/var/home/d4y/Documents/Programming/compose.js
        version: link:../compose.js
      typescript:
        specifier: ^5.7.2
        version: 5.7.2

packages:

  typescript@5.7.2:
    resolution: {integrity: sha512-i5t66RHxDvVN40HfDd1PsEThGNnlMCMT3jMUuoh9/0TaqWevNontacunWyN02LA9/fIbEWlcHZcgTKb9QoaLfg==}
    engines: {node: '>=14.17'}
    hasBin: true

snapshots:

  typescript@5.7.2: {}
